<?xml version="1.0" encoding="utf-8"?>
<Project ToolsVersion="4.0" xmlns="http://schemas.microsoft.com/developer/msbuild/2003">
  <ItemGroup>
    <Filter Include="Source Files">
      <UniqueIdentifier>{4FC737F1-C7A5-4376-A066-2A32D752A2FF}</UniqueIdentifier>
      <Extensions>cpp;c;cc;cxx;def;odl;idl;hpj;bat;asm;asmx</Extensions>
    </Filter>
    <Filter Include="Header Files">
      <UniqueIdentifier>{93995380-89BD-4b04-88EB-625FBE52EBFB}</UniqueIdentifier>
      <Extensions>h;hh;hpp;hxx;hm;inl;inc;ipp;xsd</Extensions>
    </Filter>
    <Filter Include="Resource Files">
      <UniqueIdentifier>{67DA6AB6-F800-4c08-8B7A-83BB121AAD01}</UniqueIdentifier>
      <Extensions>rc;ico;cur;bmp;dlg;rc2;rct;bin;rgs;gif;jpg;jpeg;jpe;resx;tiff;tif;png;wav;mfcribbon-ms</Extensions>
    </Filter>
    <Filter Include="Source Files\core">
      <UniqueIdentifier>{4adcc1d1-3cab-4c68-a441-d7054e57fb55}</UniqueIdentifier>
    </Filter>
    <Filter Include="Source Files\lib">
      <UniqueIdentifier>{8d6a6630-ae3b-4bdc-b58a-cd17d4544b24}</UniqueIdentifier>
    </Filter>
    <Filter Include="Header Files\core">
      <UniqueIdentifier>{ec080b9d-4fff-4d02-a14f-170ce640c029}</UniqueIdentifier>
    </Filter>
    <Filter Include="Header Files\lib">
      <UniqueIdentifier>{469edb6f-cea5-4d54-a42f-16bba2d502df}</UniqueIdentifier>
    </Filter>
    <Filter Include="Header Files\particle">
      <UniqueIdentifier>{f0495785-eaba-4046-87f7-55b9b0373970}</UniqueIdentifier>
    </Filter>
    <Filter Include="Source Files\particle">
      <UniqueIdentifier>{50887eeb-66a3-4821-b123-3a882e02a9bf}</UniqueIdentifier>
    </Filter>
  </ItemGroup>
  <ItemGroup>
    <ClCompile Include="src\core\ThempCamera.cpp">
      <Filter>Source Files\core</Filter>
    </ClCompile>
    <ClCompile Include="src\core\ThempD3D.cpp">
      <Filter>Source Files\core</Filter>
    </ClCompile>
    <ClCompile Include="src\core\ThempFunctions.cpp">
      <Filter>Source Files\core</Filter>
    </ClCompile>
    <ClCompile Include="src\core\ThempGame.cpp">
      <Filter>Source Files\core</Filter>
    </ClCompile>
    <ClCompile Include="src\core\ThempRenderTexture.cpp">
      <Filter>Source Files\core</Filter>
    </ClCompile>
    <ClCompile Include="src\core\ThempSystem.cpp">
      <Filter>Source Files\core</Filter>
    </ClCompile>
    <ClCompile Include="src\lib\imgui.cpp">
      <Filter>Source Files\lib</Filter>
    </ClCompile>
    <ClCompile Include="src\lib\imgui_demo.cpp">
      <Filter>Source Files\lib</Filter>
    </ClCompile>
    <ClCompile Include="src\lib\imgui_draw.cpp">
      <Filter>Source Files\lib</Filter>
    </ClCompile>
    <ClCompile Include="src\core\ThempGUI.cpp">
      <Filter>Source Files\core</Filter>
    </ClCompile>
    <ClCompile Include="src\core\ThempMaterial.cpp">
      <Filter>Source Files\core</Filter>
    </ClCompile>
    <ClCompile Include="src\core\ThempMesh.cpp">
      <Filter>Source Files\core</Filter>
    </ClCompile>
    <ClCompile Include="src\core\ThempObject3D.cpp">
      <Filter>Source Files\core</Filter>
    </ClCompile>
    <ClCompile Include="src\core\ThempResources.cpp">
      <Filter>Source Files\core</Filter>
    </ClCompile>
    <ClCompile Include="src\particle\ParticleManager.cpp">
      <Filter>Source Files\particle</Filter>
    </ClCompile>
    <ClCompile Include="src\particle\ParticleSystem.cpp">
      <Filter>Source Files\particle</Filter>
    </ClCompile>
  </ItemGroup>
  <ItemGroup>
    <ClInclude Include="src\core\ThempCamera.h">
      <Filter>Header Files\core</Filter>
    </ClInclude>
    <ClInclude Include="src\core\ThempD3D.h">
      <Filter>Header Files\core</Filter>
    </ClInclude>
    <ClInclude Include="src\core\ThempFunctions.h">
      <Filter>Header Files\core</Filter>
    </ClInclude>
    <ClInclude Include="src\core\ThempGame.h">
      <Filter>Header Files\core</Filter>
    </ClInclude>
    <ClInclude Include="src\core\ThempRenderTexture.h">
      <Filter>Header Files\core</Filter>
    </ClInclude>
    <ClInclude Include="src\core\ThempSystem.h">
      <Filter>Header Files\core</Filter>
    </ClInclude>
    <ClInclude Include="src\lib\imconfig.h">
      <Filter>Header Files\lib</Filter>
    </ClInclude>
    <ClInclude Include="src\lib\imgui.h">
      <Filter>Header Files\lib</Filter>
    </ClInclude>
    <ClInclude Include="src\lib\imgui_internal.h">
      <Filter>Header Files\lib</Filter>
    </ClInclude>
    <ClInclude Include="src\lib\stb_rect_pack.h">
      <Filter>Header Files\lib</Filter>
    </ClInclude>
    <ClInclude Include="src\lib\stb_textedit.h">
      <Filter>Header Files\lib</Filter>
    </ClInclude>
    <ClInclude Include="src\lib\stb_truetype.h">
      <Filter>Header Files\lib</Filter>
    </ClInclude>
    <ClInclude Include="src\core\ThempGUI.h">
      <Filter>Header Files\core</Filter>
    </ClInclude>
    <ClInclude Include="src\core\ThempResources.h">
      <Filter>Header Files\core</Filter>
    </ClInclude>
    <ClInclude Include="src\core\ThempMaterial.h">
      <Filter>Header Files\core</Filter>
    </ClInclude>
    <ClInclude Include="src\core\ThempMesh.h">
      <Filter>Header Files\core</Filter>
    </ClInclude>
    <ClInclude Include="src\core\ThempObject3D.h">
      <Filter>Header Files\core</Filter>
    </ClInclude>
    <ClInclude Include="src\particle\ParticleManager.h">
      <Filter>Header Files\particle</Filter>
    </ClInclude>
    <ClInclude Include="src\particle\ParticleSystem.h">
      <Filter>Header Files\particle</Filter>
    </ClInclude>
  </ItemGroup>
  <ItemGroup>
    <FxCompile Include="resources\shaders\default_ps.hlsl">
      <Filter>Resource Files</Filter>
    </FxCompile>
    <FxCompile Include="resources\shaders\default_vs.hlsl">
      <Filter>Resource Files</Filter>
    </FxCompile>
    <FxCompile Include="resources\shaders\defines.hlsl">
      <Filter>Resource Files</Filter>
    </FxCompile>
    <FxCompile Include="resources\shaders\functions.hlsl">
      <Filter>Resource Files</Filter>
    </FxCompile>
    <FxCompile Include="resources\shaders\gui_ps.hlsl">
      <Filter>Resource Files</Filter>
    </FxCompile>
    <FxCompile Include="resources\shaders\gui_vs.hlsl">
      <Filter>Resource Files</Filter>
    </FxCompile>
    <FxCompile Include="resources\shaders\screenspace_ps.hlsl">
      <Filter>Resource Files</Filter>
    </FxCompile>
    <FxCompile Include="resources\shaders\screenspace_vs.hlsl">
      <Filter>Resource Files</Filter>
    </FxCompile>
    <FxCompile Include="resources\shaders\structs.hlsl">
      <Filter>Resource Files</Filter>
    </FxCompile>
    <FxCompile Include="resources\shaders\debugline_ps.hlsl">
      <Filter>Resource Files</Filter>
    </FxCompile>
    <FxCompile Include="resources\shaders\debugline_vs.hlsl">
      <Filter>Resource Files</Filter>
    </FxCompile>
    <FxCompile Include="resources\shaders\particleInit_cs.hlsl">
      <Filter>Resource Files</Filter>
    </FxCompile>
    <FxCompile Include="resources\shaders\csshared.hlsl">
      <Filter>Resource Files</Filter>
    </FxCompile>
    <FxCompile Include="resources\shaders\particleSim_cs.hlsl">
      <Filter>Resource Files</Filter>
    </FxCompile>
    <FxCompile Include="resources\shaders\particle_ps.hlsl">
      <Filter>Resource Files</Filter>
    </FxCompile>
    <FxCompile Include="resources\shaders\particle_vs.hlsl">
      <Filter>Resource Files</Filter>
    </FxCompile>
    <FxCompile Include="resources\shaders\particleEmit_cs.hlsl">
      <Filter>Resource Files</Filter>
    </FxCompile>
  </ItemGroup>
</Project>